// !$*UTF8*$!
{
	archiveVersion = 1;
	classes = {
	};
	objectVersion = 56;
	objects = {

/* Begin PBXBuildFile section */
		AB7081D32B6E249800FDEBC2 /* H4XOR_NewsApp.swift in Sources */ = {isa = PBXBuildFile; fileRef = AB7081D22B6E249800FDEBC2 /* H4XOR_NewsApp.swift */; };
		AB7081D52B6E249800FDEBC2 /* ContentView.swift in Sources */ = {isa = PBXBuildFile; fileRef = AB7081D42B6E249800FDEBC2 /* ContentView.swift */; };
		AB7081D72B6E249A00FDEBC2 /* Assets.xcassets in Resources */ = {isa = PBXBuildFile; fileRef = AB7081D62B6E249A00FDEBC2 /* Assets.xcassets */; };
		AB7081DA2B6E249A00FDEBC2 /* Preview Assets.xcassets in Resources */ = {isa = PBXBuildFile; fileRef = AB7081D92B6E249A00FDEBC2 /* Preview Assets.xcassets */; };
		AB7081E42B6E249A00FDEBC2 /* H4XOR_NewsTests.swift in Sources */ = {isa = PBXBuildFile; fileRef = AB7081E32B6E249A00FDEBC2 /* H4XOR_NewsTests.swift */; };
		AB7081EE2B6E249A00FDEBC2 /* H4XOR_NewsUITests.swift in Sources */ = {isa = PBXBuildFile; fileRef = AB7081ED2B6E249A00FDEBC2 /* H4XOR_NewsUITests.swift */; };
		AB7081F02B6E249A00FDEBC2 /* H4XOR_NewsUITestsLaunchTests.swift in Sources */ = {isa = PBXBuildFile; fileRef = AB7081EF2B6E249A00FDEBC2 /* H4XOR_NewsUITestsLaunchTests.swift */; };
		AB729D3E2B6E292E00723A69 /* NetworkManager.swift in Sources */ = {isa = PBXBuildFile; fileRef = AB729D3D2B6E292E00723A69 /* NetworkManager.swift */; };
		AB729D3F2B6E292E00723A69 /* NetworkManager.swift in Sources */ = {isa = PBXBuildFile; fileRef = AB729D3D2B6E292E00723A69 /* NetworkManager.swift */; };
		AB729D402B6E292E00723A69 /* NetworkManager.swift in Sources */ = {isa = PBXBuildFile; fileRef = AB729D3D2B6E292E00723A69 /* NetworkManager.swift */; };
		AB729D422B6E2A7D00723A69 /* PostData.swift in Sources */ = {isa = PBXBuildFile; fileRef = AB729D412B6E2A7D00723A69 /* PostData.swift */; };
		AB729D432B6E2A7D00723A69 /* PostData.swift in Sources */ = {isa = PBXBuildFile; fileRef = AB729D412B6E2A7D00723A69 /* PostData.swift */; };
		AB729D442B6E2A7D00723A69 /* PostData.swift in Sources */ = {isa = PBXBuildFile; fileRef = AB729D412B6E2A7D00723A69 /* PostData.swift */; };
		AB729D4B2B6E328900723A69 /* DetailView.swift in Sources */ = {isa = PBXBuildFile; fileRef = AB729D4A2B6E328900723A69 /* DetailView.swift */; };
		AB729D4C2B6E328900723A69 /* DetailView.swift in Sources */ = {isa = PBXBuildFile; fileRef = AB729D4A2B6E328900723A69 /* DetailView.swift */; };
		AB729D4D2B6E328900723A69 /* DetailView.swift in Sources */ = {isa = PBXBuildFile; fileRef = AB729D4A2B6E328900723A69 /* DetailView.swift */; };
		AB729D4F2B6E378700723A69 /* WebView.swift in Sources */ = {isa = PBXBuildFile; fileRef = AB729D4E2B6E378700723A69 /* WebView.swift */; };
		AB729D502B6E378700723A69 /* WebView.swift in Sources */ = {isa = PBXBuildFile; fileRef = AB729D4E2B6E378700723A69 /* WebView.swift */; };
		AB729D512B6E378700723A69 /* WebView.swift in Sources */ = {isa = PBXBuildFile; fileRef = AB729D4E2B6E378700723A69 /* WebView.swift */; };
/* End PBXBuildFile section */

/* Begin PBXContainerItemProxy section */
		AB7081E02B6E249A00FDEBC2 /* PBXContainerItemProxy */ = {
			isa = PBXContainerItemProxy;
			containerPortal = AB7081C72B6E249800FDEBC2 /* Project object */;
			proxyType = 1;
			remoteGlobalIDString = AB7081CE2B6E249800FDEBC2;
			remoteInfo = "H4XOR News";
		};
		AB7081EA2B6E249A00FDEBC2 /* PBXContainerItemProxy */ = {
			isa = PBXContainerItemProxy;
			containerPortal = AB7081C72B6E249800FDEBC2 /* Project object */;
			proxyType = 1;
			remoteGlobalIDString = AB7081CE2B6E249800FDEBC2;
			remoteInfo = "H4XOR News";
		};
/* End PBXContainerItemProxy section */

/* Begin PBXFileReference section */
		AB7081CF2B6E249800FDEBC2 /* H4XOR News.app */ = {isa = PBXFileReference; explicitFileType = wrapper.application; includeInIndex = 0; path = "H4XOR News.app"; sourceTree = BUILT_PRODUCTS_DIR; };
		AB7081D22B6E249800FDEBC2 /* H4XOR_NewsApp.swift */ = {isa = PBXFileReference; lastKnownFileType = sourcecode.swift; path = H4XOR_NewsApp.swift; sourceTree = "<group>"; };
		AB7081D42B6E249800FDEBC2 /* ContentView.swift */ = {isa = PBXFileReference; lastKnownFileType = sourcecode.swift; path = ContentView.swift; sourceTree = "<group>"; };
		AB7081D62B6E249A00FDEBC2 /* Assets.xcassets */ = {isa = PBXFileReference; lastKnownFileType = folder.assetcatalog; path = Assets.xcassets; sourceTree = "<group>"; };
		AB7081D92B6E249A00FDEBC2 /* Preview Assets.xcassets */ = {isa = PBXFileReference; lastKnownFileType = folder.assetcatalog; path = "Preview Assets.xcassets"; sourceTree = "<group>"; };
		AB7081DF2B6E249A00FDEBC2 /* H4XOR NewsTests.xctest */ = {isa = PBXFileReference; explicitFileType = wrapper.cfbundle; includeInIndex = 0; path = "H4XOR NewsTests.xctest"; sourceTree = BUILT_PRODUCTS_DIR; };
		AB7081E32B6E249A00FDEBC2 /* H4XOR_NewsTests.swift */ = {isa = PBXFileReference; lastKnownFileType = sourcecode.swift; path = H4XOR_NewsTests.swift; sourceTree = "<group>"; };
		AB7081E92B6E249A00FDEBC2 /* H4XOR NewsUITests.xctest */ = {isa = PBXFileReference; explicitFileType = wrapper.cfbundle; includeInIndex = 0; path = "H4XOR NewsUITests.xctest"; sourceTree = BUILT_PRODUCTS_DIR; };
		AB7081ED2B6E249A00FDEBC2 /* H4XOR_NewsUITests.swift */ = {isa = PBXFileReference; lastKnownFileType = sourcecode.swift; path = H4XOR_NewsUITests.swift; sourceTree = "<group>"; };
		AB7081EF2B6E249A00FDEBC2 /* H4XOR_NewsUITestsLaunchTests.swift */ = {isa = PBXFileReference; lastKnownFileType = sourcecode.swift; path = H4XOR_NewsUITestsLaunchTests.swift; sourceTree = "<group>"; };
		AB729D3D2B6E292E00723A69 /* NetworkManager.swift */ = {isa = PBXFileReference; lastKnownFileType = sourcecode.swift; path = NetworkManager.swift; sourceTree = "<group>"; };
		AB729D412B6E2A7D00723A69 /* PostData.swift */ = {isa = PBXFileReference; lastKnownFileType = sourcecode.swift; path = PostData.swift; sourceTree = "<group>"; };
		AB729D4A2B6E328900723A69 /* DetailView.swift */ = {isa = PBXFileReference; lastKnownFileType = sourcecode.swift; path = DetailView.swift; sourceTree = "<group>"; };
		AB729D4E2B6E378700723A69 /* WebView.swift */ = {isa = PBXFileReference; lastKnownFileType = sourcecode.swift; path = WebView.swift; sourceTree = "<group>"; };
/* End PBXFileReference section */

/* Begin PBXFrameworksBuildPhase section */
		AB7081CC2B6E249800FDEBC2 /* Frameworks */ = {
			isa = PBXFrameworksBuildPhase;
			buildActionMask = 2147483647;
			files = (
			);
			runOnlyForDeploymentPostprocessing = 0;
		};
		AB7081DC2B6E249A00FDEBC2 /* Frameworks */ = {
			isa = PBXFrameworksBuildPhase;
			buildActionMask = 2147483647;
			files = (
			);
			runOnlyForDeploymentPostprocessing = 0;
		};
		AB7081E62B6E249A00FDEBC2 /* Frameworks */ = {
			isa = PBXFrameworksBuildPhase;
			buildActionMask = 2147483647;
			files = (
			);
			runOnlyForDeploymentPostprocessing = 0;
		};
/* End PBXFrameworksBuildPhase section */

/* Begin PBXGroup section */
		AB7081C62B6E249800FDEBC2 = {
			isa = PBXGroup;
			children = (
				AB7081D12B6E249800FDEBC2 /* H4XOR News */,
				AB7081E22B6E249A00FDEBC2 /* H4XOR NewsTests */,
				AB7081EC2B6E249A00FDEBC2 /* H4XOR NewsUITests */,
				AB7081D02B6E249800FDEBC2 /* Products */,
			);
			sourceTree = "<group>";
		};
		AB7081D02B6E249800FDEBC2 /* Products */ = {
			isa = PBXGroup;
			children = (
				AB7081CF2B6E249800FDEBC2 /* H4XOR News.app */,
				AB7081DF2B6E249A00FDEBC2 /* H4XOR NewsTests.xctest */,
				AB7081E92B6E249A00FDEBC2 /* H4XOR NewsUITests.xctest */,
			);
			name = Products;
			sourceTree = "<group>";
		};
		AB7081D12B6E249800FDEBC2 /* H4XOR News */ = {
			isa = PBXGroup;
			children = (
				AB729D3C2B6E290C00723A69 /* Model */,
				AB7081D22B6E249800FDEBC2 /* H4XOR_NewsApp.swift */,
				AB729D452B6E322600723A69 /* Views */,
				AB7081D62B6E249A00FDEBC2 /* Assets.xcassets */,
				AB7081D82B6E249A00FDEBC2 /* Preview Content */,
			);
			path = "H4XOR News";
			sourceTree = "<group>";
		};
		AB7081D82B6E249A00FDEBC2 /* Preview Content */ = {
			isa = PBXGroup;
			children = (
				AB7081D92B6E249A00FDEBC2 /* Preview Assets.xcassets */,
			);
			path = "Preview Content";
			sourceTree = "<group>";
		};
		AB7081E22B6E249A00FDEBC2 /* H4XOR NewsTests */ = {
			isa = PBXGroup;
			children = (
				AB7081E32B6E249A00FDEBC2 /* H4XOR_NewsTests.swift */,
			);
			path = "H4XOR NewsTests";
			sourceTree = "<group>";
		};
		AB7081EC2B6E249A00FDEBC2 /* H4XOR NewsUITests */ = {
			isa = PBXGroup;
			children = (
				AB7081ED2B6E249A00FDEBC2 /* H4XOR_NewsUITests.swift */,
				AB7081EF2B6E249A00FDEBC2 /* H4XOR_NewsUITestsLaunchTests.swift */,
			);
			path = "H4XOR NewsUITests";
			sourceTree = "<group>";
		};
		AB729D3C2B6E290C00723A69 /* Model */ = {
			isa = PBXGroup;
			children = (
				AB729D3D2B6E292E00723A69 /* NetworkManager.swift */,
				AB729D412B6E2A7D00723A69 /* PostData.swift */,
			);
			path = Model;
			sourceTree = "<group>";
		};
		AB729D452B6E322600723A69 /* Views */ = {
			isa = PBXGroup;
			children = (
				AB7081D42B6E249800FDEBC2 /* ContentView.swift */,
				AB729D4A2B6E328900723A69 /* DetailView.swift */,
				AB729D4E2B6E378700723A69 /* WebView.swift */,
			);
			path = Views;
			sourceTree = "<group>";
		};
/* End PBXGroup section */

/* Begin PBXNativeTarget section */
		AB7081CE2B6E249800FDEBC2 /* H4XOR News */ = {
			isa = PBXNativeTarget;
			buildConfigurationList = AB7081F32B6E249A00FDEBC2 /* Build configuration list for PBXNativeTarget "H4XOR News" */;
			buildPhases = (
				AB7081CB2B6E249800FDEBC2 /* Sources */,
				AB7081CC2B6E249800FDEBC2 /* Frameworks */,
				AB7081CD2B6E249800FDEBC2 /* Resources */,
			);
			buildRules = (
			);
			dependencies = (
			);
			name = "H4XOR News";
			productName = "H4XOR News";
			productReference = AB7081CF2B6E249800FDEBC2 /* H4XOR News.app */;
			productType = "com.apple.product-type.application";
		};
		AB7081DE2B6E249A00FDEBC2 /* H4XOR NewsTests */ = {
			isa = PBXNativeTarget;
			buildConfigurationList = AB7081F62B6E249A00FDEBC2 /* Build configuration list for PBXNativeTarget "H4XOR NewsTests" */;
			buildPhases = (
				AB7081DB2B6E249A00FDEBC2 /* Sources */,
				AB7081DC2B6E249A00FDEBC2 /* Frameworks */,
				AB7081DD2B6E249A00FDEBC2 /* Resources */,
			);
			buildRules = (
			);
			dependencies = (
				AB7081E12B6E249A00FDEBC2 /* PBXTargetDependency */,
			);
			name = "H4XOR NewsTests";
			productName = "H4XOR NewsTests";
			productReference = AB7081DF2B6E249A00FDEBC2 /* H4XOR NewsTests.xctest */;
			productType = "com.apple.product-type.bundle.unit-test";
		};
		AB7081E82B6E249A00FDEBC2 /* H4XOR NewsUITests */ = {
			isa = PBXNativeTarget;
			buildConfigurationList = AB7081F92B6E249A00FDEBC2 /* Build configuration list for PBXNativeTarget "H4XOR NewsUITests" */;
			buildPhases = (
				AB7081E52B6E249A00FDEBC2 /* Sources */,
				AB7081E62B6E249A00FDEBC2 /* Frameworks */,
				AB7081E72B6E249A00FDEBC2 /* Resources */,
			);
			buildRules = (
			);
			dependencies = (
				AB7081EB2B6E249A00FDEBC2 /* PBXTargetDependency */,
			);
			name = "H4XOR NewsUITests";
			productName = "H4XOR NewsUITests";
			productReference = AB7081E92B6E249A00FDEBC2 /* H4XOR NewsUITests.xctest */;
			productType = "com.apple.product-type.bundle.ui-testing";
		};
/* End PBXNativeTarget section */

/* Begin PBXProject section */
		AB7081C72B6E249800FDEBC2 /* Project object */ = {
			isa = PBXProject;
			attributes = {
				BuildIndependentTargetsInParallel = 1;
				LastSwiftUpdateCheck = 1520;
				LastUpgradeCheck = 1520;
				TargetAttributes = {
					AB7081CE2B6E249800FDEBC2 = {
						CreatedOnToolsVersion = 15.2;
					};
					AB7081DE2B6E249A00FDEBC2 = {
						CreatedOnToolsVersion = 15.2;
						TestTargetID = AB7081CE2B6E249800FDEBC2;
					};
					AB7081E82B6E249A00FDEBC2 = {
						CreatedOnToolsVersion = 15.2;
						TestTargetID = AB7081CE2B6E249800FDEBC2;
					};
				};
			};
			buildConfigurationList = AB7081CA2B6E249800FDEBC2 /* Build configuration list for PBXProject "H4XOR News" */;
			compatibilityVersion = "Xcode 14.0";
			developmentRegion = en;
			hasScannedForEncodings = 0;
			knownRegions = (
				en,
				Base,
			);
			mainGroup = AB7081C62B6E249800FDEBC2;
			productRefGroup = AB7081D02B6E249800FDEBC2 /* Products */;
			projectDirPath = "";
			projectRoot = "";
			targets = (
				AB7081CE2B6E249800FDEBC2 /* H4XOR News */,
				AB7081DE2B6E249A00FDEBC2 /* H4XOR NewsTests */,
				AB7081E82B6E249A00FDEBC2 /* H4XOR NewsUITests */,
			);
		};
/* End PBXProject section */

/* Begin PBXResourcesBuildPhase section */
		AB7081CD2B6E249800FDEBC2 /* Resources */ = {
			isa = PBXResourcesBuildPhase;
			buildActionMask = 2147483647;
			files = (
				AB7081DA2B6E249A00FDEBC2 /* Preview Assets.xcassets in Resources */,
				AB7081D72B6E249A00FDEBC2 /* Assets.xcassets in Resources */,
			);
			runOnlyForDeploymentPostprocessing = 0;
		};
		AB7081DD2B6E249A00FDEBC2 /* Resources */ = {
			isa = PBXResourcesBuildPhase;
			buildActionMask = 2147483647;
			files = (
			);
			runOnlyForDeploymentPostprocessing = 0;
		};
		AB7081E72B6E249A00FDEBC2 /* Resources */ = {
			isa = PBXResourcesBuildPhase;
			buildActionMask = 2147483647;
			files = (
			);
			runOnlyForDeploymentPostprocessing = 0;
		};
/* End PBXResourcesBuildPhase section */

/* Begin PBXSourcesBuildPhase section */
		AB7081CB2B6E249800FDEBC2 /* Sources */ = {
			isa = PBXSourcesBuildPhase;
			buildActionMask = 2147483647;
			files = (
				AB729D3E2B6E292E00723A69 /* NetworkManager.swift in Sources */,
				AB729D422B6E2A7D00723A69 /* PostData.swift in Sources */,
				AB7081D52B6E249800FDEBC2 /* ContentView.swift in Sources */,
				AB729D4F2B6E378700723A69 /* WebView.swift in Sources */,
				AB729D4B2B6E328900723A69 /* DetailView.swift in Sources */,
				AB7081D32B6E249800FDEBC2 /* H4XOR_NewsApp.swift in Sources */,
			);
			runOnlyForDeploymentPostprocessing = 0;
		};
		AB7081DB2B6E249A00FDEBC2 /* Sources */ = {
			isa = PBXSourcesBuildPhase;
			buildActionMask = 2147483647;
			files = (
				AB729D3F2B6E292E00723A69 /* NetworkManager.swift in Sources */,
				AB729D502B6E378700723A69 /* WebView.swift in Sources */,
				AB729D4C2B6E328900723A69 /* DetailView.swift in Sources */,
				AB729D432B6E2A7D00723A69 /* PostData.swift in Sources */,
				AB7081E42B6E249A00FDEBC2 /* H4XOR_NewsTests.swift in Sources */,
			);
			runOnlyForDeploymentPostprocessing = 0;
		};
		AB7081E52B6E249A00FDEBC2 /* Sources */ = {
			isa = PBXSourcesBuildPhase;
			buildActionMask = 2147483647;
			files = (
				AB729D402B6E292E00723A69 /* NetworkManager.swift in Sources */,
				AB729D442B6E2A7D00723A69 /* PostData.swift in Sources */,
				AB7081EE2B6E249A00FDEBC2 /* H4XOR_NewsUITests.swift in Sources */,
				AB729D512B6E378700723A69 /* WebView.swift in Sources */,
				AB729D4D2B6E328900723A69 /* DetailView.swift in Sources */,
				AB7081F02B6E249A00FDEBC2 /* H4XOR_NewsUITestsLaunchTests.swift in Sources */,
			);
			runOnlyForDeploymentPostprocessing = 0;
		};
/* End PBXSourcesBuildPhase section */

/* Begin PBXTargetDependency section */
		AB7081E12B6E249A00FDEBC2 /* PBXTargetDependency */ = {
			isa = PBXTargetDependency;
			target = AB7081CE2B6E249800FDEBC2 /* H4XOR News */;
			targetProxy = AB7081E02B6E249A00FDEBC2 /* PBXContainerItemProxy */;
		};
		AB7081EB2B6E249A00FDEBC2 /* PBXTargetDependency */ = {
			isa = PBXTargetDependency;
			target = AB7081CE2B6E249800FDEBC2 /* H4XOR News */;
			targetProxy = AB7081EA2B6E249A00FDEBC2 /* PBXContainerItemProxy */;
		};
/* End PBXTargetDependency section */

/* Begin XCBuildConfiguration section */
		AB7081F12B6E249A00FDEBC2 /* Debug */ = {
			isa = XCBuildConfiguration;
			buildSettings = {
				ALWAYS_SEARCH_USER_PATHS = NO;
				ASSETCATALOG_COMPILER_GENERATE_SWIFT_ASSET_SYMBOL_EXTENSIONS = YES;
				CLANG_ANALYZER_NONNULL = YES;
				CLANG_ANALYZER_NUMBER_OBJECT_CONVERSION = YES_AGGRESSIVE;
				CLANG_CXX_LANGUAGE_STANDARD = "gnu++20";
				CLANG_ENABLE_MODULES = YES;
				CLANG_ENABLE_OBJC_ARC = YES;
				CLANG_ENABLE_OBJC_WEAK = YES;
				CLANG_WARN_BLOCK_CAPTURE_AUTORELEASING = YES;
				CLANG_WARN_BOOL_CONVERSION = YES;
				CLANG_WARN_COMMA = YES;
				CLANG_WARN_CONSTANT_CONVERSION = YES;
				CLANG_WARN_DEPRECATED_OBJC_IMPLEMENTATIONS = YES;
				CLANG_WARN_DIRECT_OBJC_ISA_USAGE = YES_ERROR;
				CLANG_WARN_DOCUMENTATION_COMMENTS = YES;
				CLANG_WARN_EMPTY_BODY = YES;
				CLANG_WARN_ENUM_CONVERSION = YES;
				CLANG_WARN_INFINITE_RECURSION = YES;
				CLANG_WARN_INT_CONVERSION = YES;
				CLANG_WARN_NON_LITERAL_NULL_CONVERSION = YES;
				CLANG_WARN_OBJC_IMPLICIT_RETAIN_SELF = YES;
				CLANG_WARN_OBJC_LITERAL_CONVERSION = YES;
				CLANG_WARN_OBJC_ROOT_CLASS = YES_ERROR;
				CLANG_WARN_QUOTED_INCLUDE_IN_FRAMEWORK_HEADER = YES;
				CLANG_WARN_RANGE_LOOP_ANALYSIS = YES;
				CLANG_WARN_STRICT_PROTOTYPES = YES;
				CLANG_WARN_SUSPICIOUS_MOVE = YES;
				CLANG_WARN_UNGUARDED_AVAILABILITY = YES_AGGRESSIVE;
				CLANG_WARN_UNREACHABLE_CODE = YES;
				CLANG_WARN__DUPLICATE_METHOD_MATCH = YES;
				COPY_PHASE_STRIP = NO;
				DEBUG_INFORMATION_FORMAT = dwarf;
				ENABLE_STRICT_OBJC_MSGSEND = YES;
				ENABLE_TESTABILITY = YES;
				ENABLE_USER_SCRIPT_SANDBOXING = YES;
				GCC_C_LANGUAGE_STANDARD = gnu17;
				GCC_DYNAMIC_NO_PIC = NO;
				GCC_NO_COMMON_BLOCKS = YES;
				GCC_OPTIMIZATION_LEVEL = 0;
				GCC_PREPROCESSOR_DEFINITIONS = (
					"DEBUG=1",
					"$(inherited)",
				);
				GCC_WARN_64_TO_32_BIT_CONVERSION = YES;
				GCC_WARN_ABOUT_RETURN_TYPE = YES_ERROR;
				GCC_WARN_UNDECLARED_SELECTOR = YES;
				GCC_WARN_UNINITIALIZED_AUTOS = YES_AGGRESSIVE;
				GCC_WARN_UNUSED_FUNCTION = YES;
				GCC_WARN_UNUSED_VARIABLE = YES;
				IPHONEOS_DEPLOYMENT_TARGET = 17.2;
				LOCALIZATION_PREFERS_STRING_CATALOGS = YES;
				MTL_ENABLE_DEBUG_INFO = INCLUDE_SOURCE;
				MTL_FAST_MATH = YES;
				ONLY_ACTIVE_ARCH = YES;
				SDKROOT = iphoneos;
				SWIFT_ACTIVE_COMPILATION_CONDITIONS = "DEBUG $(inherited)";
				SWIFT_OPTIMIZATION_LEVEL = "-Onone";
			};
			name = Debug;
		};
		AB7081F22B6E249A00FDEBC2 /* Release */ = {
			isa = XCBuildConfiguration;
			buildSettings = {
				ALWAYS_SEARCH_USER_PATHS = NO;
				ASSETCATALOG_COMPILER_GENERATE_SWIFT_ASSET_SYMBOL_EXTENSIONS = YES;
				CLANG_ANALYZER_NONNULL = YES;
				CLANG_ANALYZER_NUMBER_OBJECT_CONVERSION = YES_AGGRESSIVE;
				CLANG_CXX_LANGUAGE_STANDARD = "gnu++20";
				CLANG_ENABLE_MODULES = YES;
				CLANG_ENABLE_OBJC_ARC = YES;
				CLANG_ENABLE_OBJC_WEAK = YES;
				CLANG_WARN_BLOCK_CAPTURE_AUTORELEASING = YES;
				CLANG_WARN_BOOL_CONVERSION = YES;
				CLANG_WARN_COMMA = YES;
				CLANG_WARN_CONSTANT_CONVERSION = YES;
				CLANG_WARN_DEPRECATED_OBJC_IMPLEMENTATIONS = YES;
				CLANG_WARN_DIRECT_OBJC_ISA_USAGE = YES_ERROR;
				CLANG_WARN_DOCUMENTATION_COMMENTS = YES;
				CLANG_WARN_EMPTY_BODY = YES;
				CLANG_WARN_ENUM_CONVERSION = YES;
				CLANG_WARN_INFINITE_RECURSION = YES;
				CLANG_WARN_INT_CONVERSION = YES;
				CLANG_WARN_NON_LITERAL_NULL_CONVERSION = YES;
				CLANG_WARN_OBJC_IMPLICIT_RETAIN_SELF = YES;
				CLANG_WARN_OBJC_LITERAL_CONVERSION = YES;
				CLANG_WARN_OBJC_ROOT_CLASS = YES_ERROR;
				CLANG_WARN_QUOTED_INCLUDE_IN_FRAMEWORK_HEADER = YES;
				CLANG_WARN_RANGE_LOOP_ANALYSIS = YES;
				CLANG_WARN_STRICT_PROTOTYPES = YES;
				CLANG_WARN_SUSPICIOUS_MOVE = YES;
				CLANG_WARN_UNGUARDED_AVAILABILITY = YES_AGGRESSIVE;
				CLANG_WARN_UNREACHABLE_CODE = YES;
				CLANG_WARN__DUPLICATE_METHOD_MATCH = YES;
				COPY_PHASE_STRIP = NO;
				DEBUG_INFORMATION_FORMAT = "dwarf-with-dsym";
				ENABLE_NS_ASSERTIONS = NO;
				ENABLE_STRICT_OBJC_MSGSEND = YES;
				ENABLE_USER_SCRIPT_SANDBOXING = YES;
				GCC_C_LANGUAGE_STANDARD = gnu17;
				GCC_NO_COMMON_BLOCKS = YES;
				GCC_WARN_64_TO_32_BIT_CONVERSION = YES;
				GCC_WARN_ABOUT_RETURN_TYPE = YES_ERROR;
				GCC_WARN_UNDECLARED_SELECTOR = YES;
				GCC_WARN_UNINITIALIZED_AUTOS = YES_AGGRESSIVE;
				GCC_WARN_UNUSED_FUNCTION = YES;
				GCC_WARN_UNUSED_VARIABLE = YES;
				IPHONEOS_DEPLOYMENT_TARGET = 17.2;
				LOCALIZATION_PREFERS_STRING_CATALOGS = YES;
				MTL_ENABLE_DEBUG_INFO = NO;
				MTL_FAST_MATH = YES;
				SDKROOT = iphoneos;
				SWIFT_COMPILATION_MODE = wholemodule;
				VALIDATE_PRODUCT = YES;
			};
			name = Release;
		};
		AB7081F42B6E249A00FDEBC2 /* Debug */ = {
			isa = XCBuildConfiguration;
			buildSettings = {
				ASSETCATALOG_COMPILER_APPICON_NAME = AppIcon;
				ASSETCATALOG_COMPILER_GLOBAL_ACCENT_COLOR_NAME = AccentColor;
				CODE_SIGN_STYLE = Automatic;
				CURRENT_PROJECT_VERSION = 1;
				DEVELOPMENT_ASSET_PATHS = "\"H4XOR News/Preview Content\"";
				DEVELOPMENT_TEAM = 946Q7J3995;
				ENABLE_PREVIEWS = YES;
				GENERATE_INFOPLIST_FILE = YES;
				INFOPLIST_KEY_UIApplicationSceneManifest_Generation = YES;
				INFOPLIST_KEY_UIApplicationSupportsIndirectInputEvents = YES;
				INFOPLIST_KEY_UILaunchScreen_Generation = YES;
				INFOPLIST_KEY_UISupportedInterfaceOrientations_iPad = "UIInterfaceOrientationPortrait UIInterfaceOrientationPortraitUpsideDown UIInterfaceOrientationLandscapeLeft UIInterfaceOrientationLandscapeRight";
				INFOPLIST_KEY_UISupportedInterfaceOrientations_iPhone = "UIInterfaceOrientationPortrait UIInterfaceOrientationLandscapeLeft UIInterfaceOrientationLandscapeRight";
				LD_RUNPATH_SEARCH_PATHS = (
					"$(inherited)",
					"@executable_path/Frameworks",
				);
				MARKETING_VERSION = 1.0;
				PRODUCT_BUNDLE_IDENTIFIER = "com.ayaneshsarkar.H4XOR-News";
				PRODUCT_NAME = "$(TARGET_NAME)";
				SWIFT_EMIT_LOC_STRINGS = YES;
				SWIFT_VERSION = 5.0;
				TARGETED_DEVICE_FAMILY = "1,2";
			};
			name = Debug;
		};
		AB7081F52B6E249A00FDEBC2 /* Release */ = {
			isa = XCBuildConfiguration;
			buildSettings = {
				ASSETCATALOG_COMPILER_APPICON_NAME = AppIcon;
				ASSETCATALOG_COMPILER_GLOBAL_ACCENT_COLOR_NAME = AccentColor;
				CODE_SIGN_STYLE = Automatic;
				CURRENT_PROJECT_VERSION = 1;
				DEVELOPMENT_ASSET_PATHS = "\"H4XOR News/Preview Content\"";
				DEVELOPMENT_TEAM = 946Q7J3995;
				ENABLE_PREVIEWS = YES;
				GENERATE_INFOPLIST_FILE = YES;
				INFOPLIST_KEY_UIApplicationSceneManifest_Generation = YES;
				INFOPLIST_KEY_UIApplicationSupportsIndirectInputEvents = YES;
				INFOPLIST_KEY_UILaunchScreen_Generation = YES;
				INFOPLIST_KEY_UISupportedInterfaceOrientations_iPad = "UIInterfaceOrientationPortrait UIInterfaceOrientationPortraitUpsideDown UIInterfaceOrientationLandscapeLeft UIInterfaceOrientationLandscapeRight";
				INFOPLIST_KEY_UISupportedInterfaceOrientations_iPhone = "UIInterfaceOrientationPortrait UIInterfaceOrientationLandscapeLeft UIInterfaceOrientationLandscapeRight";
				LD_RUNPATH_SEARCH_PATHS = (
					"$(inherited)",
					"@executable_path/Frameworks",
				);
				MARKETING_VERSION = 1.0;
				PRODUCT_BUNDLE_IDENTIFIER = "com.ayaneshsarkar.H4XOR-News";
				PRODUCT_NAME = "$(TARGET_NAME)";
				SWIFT_EMIT_LOC_STRINGS = YES;
				SWIFT_VERSION = 5.0;
				TARGETED_DEVICE_FAMILY = "1,2";
			};
			name = Release;
		};
		AB7081F72B6E249A00FDEBC2 /* Debug */ = {
			isa = XCBuildConfiguration;
			buildSettings = {
				ALWAYS_EMBED_SWIFT_STANDARD_LIBRARIES = YES;
				BUNDLE_LOADER = "$(TEST_HOST)";
				CODE_SIGN_STYLE = Automatic;
				CURRENT_PROJECT_VERSION = 1;
				GENERATE_INFOPLIST_FILE = YES;
				IPHONEOS_DEPLOYMENT_TARGET = 17.2;
				MARKETING_VERSION = 1.0;
				PRODUCT_BUNDLE_IDENTIFIER = "com.ayaneshsarkar.H4XOR-NewsTests";
				PRODUCT_NAME = "$(TARGET_NAME)";
				SWIFT_EMIT_LOC_STRINGS = NO;
				SWIFT_VERSION = 5.0;
				TARGETED_DEVICE_FAMILY = "1,2";
				TEST_HOST = "$(BUILT_PRODUCTS_DIR)/H4XOR News.app/$(BUNDLE_EXECUTABLE_FOLDER_PATH)/H4XOR News";
			};
			name = Debug;
		};
		AB7081F82B6E249A00FDEBC2 /* Release */ = {
			isa = XCBuildConfiguration;
			buildSettings = {
				ALWAYS_EMBED_SWIFT_STANDARD_LIBRARIES = YES;
				BUNDLE_LOADER = "$(TEST_HOST)";
				CODE_SIGN_STYLE = Automatic;
				CURRENT_PROJECT_VERSION = 1;
				GENERATE_INFOPLIST_FILE = YES;
				IPHONEOS_DEPLOYMENT_TARGET = 17.2;
				MARKETING_VERSION = 1.0;
				PRODUCT_BUNDLE_IDENTIFIER = "com.ayaneshsarkar.H4XOR-NewsTests";
				PRODUCT_NAME = "$(TARGET_NAME)";
				SWIFT_EMIT_LOC_STRINGS = NO;
				SWIFT_VERSION = 5.0;
				TARGETED_DEVICE_FAMILY = "1,2";
				TEST_HOST = "$(BUILT_PRODUCTS_DIR)/H4XOR News.app/$(BUNDLE_EXECUTABLE_FOLDER_PATH)/H4XOR News";
			};
			name = Release;
		};
		AB7081FA2B6E249A00FDEBC2 /* Debug */ = {
			isa = XCBuildConfiguration;
			buildSettings = {
				ALWAYS_EMBED_SWIFT_STANDARD_LIBRARIES = YES;
				CODE_SIGN_STYLE = Automatic;
				CURRENT_PROJECT_VERSION = 1;
				GENERATE_INFOPLIST_FILE = YES;
				MARKETING_VERSION = 1.0;
				PRODUCT_BUNDLE_IDENTIFIER = "com.ayaneshsarkar.H4XOR-NewsUITests";
				PRODUCT_NAME = "$(TARGET_NAME)";
				SWIFT_EMIT_LOC_STRINGS = NO;
				SWIFT_VERSION = 5.0;
				TARGETED_DEVICE_FAMILY = "1,2";
				TEST_TARGET_NAME = "H4XOR News";
			};
			name = Debug;
		};
		AB7081FB2B6E249A00FDEBC2 /* Release */ = {
			isa = XCBuildConfiguration;
			buildSettings = {
				ALWAYS_EMBED_SWIFT_STANDARD_LIBRARIES = YES;
				CODE_SIGN_STYLE = Automatic;
				CURRENT_PROJECT_VERSION = 1;
				GENERATE_INFOPLIST_FILE = YES;
				MARKETING_VERSION = 1.0;
				PRODUCT_BUNDLE_IDENTIFIER = "com.ayaneshsarkar.H4XOR-NewsUITests";
				PRODUCT_NAME = "$(TARGET_NAME)";
				SWIFT_EMIT_LOC_STRINGS = NO;
				SWIFT_VERSION = 5.0;
				TARGETED_DEVICE_FAMILY = "1,2";
				TEST_TARGET_NAME = "H4XOR News";
			};
			name = Release;
		};
/* End XCBuildConfiguration section */

/* Begin XCConfigurationList section */
		AB7081CA2B6E249800FDEBC2 /* Build configuration list for PBXProject "H4XOR News" */ = {
			isa = XCConfigurationList;
			buildConfigurations = (
				AB7081F12B6E249A00FDEBC2 /* Debug */,
				AB7081F22B6E249A00FDEBC2 /* Release */,
			);
			defaultConfigurationIsVisible = 0;
			defaultConfigurationName = Release;
		};
		AB7081F32B6E249A00FDEBC2 /* Build configuration list for PBXNativeTarget "H4XOR News" */ = {
			isa = XCConfigurationList;
			buildConfigurations = (
				AB7081F42B6E249A00FDEBC2 /* Debug */,
				AB7081F52B6E249A00FDEBC2 /* Release */,
			);
			defaultConfigurationIsVisible = 0;
			defaultConfigurationName = Release;
		};
		AB7081F62B6E249A00FDEBC2 /* Build configuration list for PBXNativeTarget "H4XOR NewsTests" */ = {
			isa = XCConfigurationList;
			buildConfigurations = (
				AB7081F72B6E249A00FDEBC2 /* Debug */,
				AB7081F82B6E249A00FDEBC2 /* Release */,
			);
			defaultConfigurationIsVisible = 0;
			defaultConfigurationName = Release;
		};
		AB7081F92B6E249A00FDEBC2 /* Build configuration list for PBXNativeTarget "H4XOR NewsUITests" */ = {
			isa = XCConfigurationList;
			buildConfigurations = (
				AB7081FA2B6E249A00FDEBC2 /* Debug */,
				AB7081FB2B6E249A00FDEBC2 /* Release */,
			);
			defaultConfigurationIsVisible = 0;
			defaultConfigurationName = Release;
		};
/* End XCConfigurationList section */
	};
	rootObject = AB7081C72B6E249800FDEBC2 /* Project object */;
}
